PODS:
  - DGCharts (5.0.0):
    - DGCharts/Core (= 5.0.0)
  - DGCharts/Core (5.0.0)
  - JcampConverter (0.1.1)

DEPENDENCIES:
  - DGCharts
  - JcampConverter (from `https://github.com/baolanlequang/jcamp-converter-ios`)

SPEC REPOS:
  trunk:
    - DGCharts

EXTERNAL SOURCES:
  JcampConverter:
    :git: https://github.com/baolanlequang/jcamp-converter-ios

CHECKOUT OPTIONS:
  JcampConverter:
    :commit: fdea4b7d6aee2c5e2d142289e85cf5e03257c610
    :git: https://github.com/baolanlequang/jcamp-converter-ios

SPEC CHECKSUMS:
  DGCharts: 6e0cf2644e8f81ad13f04caa8bc18502870a1c54
  JcampConverter: 6a4d1fabea279894761d41bbc46a9d6e9e5030f7

PODFILE CHECKSUM: 5a12fdb288a2ea96e16e708965aca945fcb2db74

COCOAPODS: 1.12.0
